
Microsoft Visual Studio Solution File, Format Version 12.00
# Visual Studio Version 16
VisualStudioVersion = 16.0.29519.181
MinimumVisualStudioVersion = 10.0.40219.1
Project("{FAE04EC0-301F-11D3-BF4B-00C04F79EFBC}") = "MatrixMultiplication", "MatrixMultiplication\MatrixMultiplication.csproj", "{A5AB25E6-7E27-4007-97E0-81209231104D}"
EndProject
Global
	GlobalSection(SolutionConfigurationPlatforms) = preSolution
		Debug|Any CPU = Debug|Any CPU
		Release|Any CPU = Release|Any CPU
	EndGlobalSection
	GlobalSection(ProjectConfigurationPlatforms) = postSolution
		{A5AB25E6-7E27-4007-97E0-81209231104D}.Debug|Any CPU.ActiveCfg = Debug|Any CPU
		{A5AB25E6-7E27-4007-97E0-81209231104D}.Debug|Any CPU.Build.0 = Debug|Any CPU
		{A5AB25E6-7E27-4007-97E0-81209231104D}.Release|Any CPU.ActiveCfg = Release|Any CPU
		{A5AB25E6-7E27-4007-97E0-81209231104D}.Release|Any CPU.Build.0 = Release|Any CPU
	EndGlobalSection
	GlobalSection(SolutionProperties) = preSolution
		HideSolutionNode = FALSE
	EndGlobalSection
	GlobalSection(ExtensibilityGlobals) = postSolution
		SolutionGuid = {41258BB2-D3FF-4BA8-BA49-09A2AA41C9E7}
	EndGlobalSection
EndGlobal
